
Microsoft Visual Studio Solution File, Format Version 12.00
# Visual Studio 15
VisualStudioVersion = 15.0.28307.852
MinimumVisualStudioVersion = 10.0.40219.1
Project("{FAE04EC0-301F-11D3-BF4B-00C04F79EFBC}") = "Oops", "Oops\Oops.csproj", "{099352DC-4AB9-4068-AB10-008CFA8CE5D4}"
EndProject
Project("{FAE04EC0-301F-11D3-BF4B-00C04F79EFBC}") = "Oops.Test", "Oops.Test\Oops.Test.csproj", "{437A2C5D-089D-4858-ACAF-569657C32820}"
EndProject
Global
	GlobalSection(SolutionConfigurationPlatforms) = preSolution
		Debug|Any CPU = Debug|Any CPU
		Release|Any CPU = Release|Any CPU
	EndGlobalSection
	GlobalSection(ProjectConfigurationPlatforms) = postSolution
		{099352DC-4AB9-4068-AB10-008CFA8CE5D4}.Debug|Any CPU.ActiveCfg = Debug|Any CPU
		{099352DC-4AB9-4068-AB10-008CFA8CE5D4}.Debug|Any CPU.Build.0 = Debug|Any CPU
		{099352DC-4AB9-4068-AB10-008CFA8CE5D4}.Release|Any CPU.ActiveCfg = Release|Any CPU
		{099352DC-4AB9-4068-AB10-008CFA8CE5D4}.Release|Any CPU.Build.0 = Release|Any CPU
		{437A2C5D-089D-4858-ACAF-569657C32820}.Debug|Any CPU.ActiveCfg = Debug|Any CPU
		{437A2C5D-089D-4858-ACAF-569657C32820}.Debug|Any CPU.Build.0 = Debug|Any CPU
		{437A2C5D-089D-4858-ACAF-569657C32820}.Release|Any CPU.ActiveCfg = Release|Any CPU
		{437A2C5D-089D-4858-ACAF-569657C32820}.Release|Any CPU.Build.0 = Release|Any CPU
	EndGlobalSection
	GlobalSection(SolutionProperties) = preSolution
		HideSolutionNode = FALSE
	EndGlobalSection
	GlobalSection(ExtensibilityGlobals) = postSolution
		SolutionGuid = {D498E1C9-25CE-4B6E-B8C7-0CE722F6385E}
	EndGlobalSection
EndGlobal
